// !$*UTF8*$!
{
	archiveVersion = 1;
	classes = {
	};
	objectVersion = 46;
	objects = {

/* Begin PBXBuildFile section */
		32DFAD2F1B8D183900251DA1 /* DirectoryService.swift in Sources */ = {isa = PBXBuildFile; fileRef = 32DFAD2E1B8D183900251DA1 /* DirectoryService.swift */; };
		32DFAD311B8D187100251DA1 /* NetworkOperations.swift in Sources */ = {isa = PBXBuildFile; fileRef = 32DFAD301B8D187100251DA1 /* NetworkOperations.swift */; };
		32DFAD351B8E2A4100251DA1 /* Locksmith.swift in Sources */ = {isa = PBXBuildFile; fileRef = 32DFAD341B8E2A4100251DA1 /* Locksmith.swift */; };
		32DFAD371B8E2A9200251DA1 /* LocksmithRequest.swift in Sources */ = {isa = PBXBuildFile; fileRef = 32DFAD361B8E2A9200251DA1 /* LocksmithRequest.swift */; };
		32DFAD3D1B8E312500251DA1 /* LoginViewController.swift in Sources */ = {isa = PBXBuildFile; fileRef = 32DFAD3C1B8E312500251DA1 /* LoginViewController.swift */; };
		32DFAD411B8E3A3600251DA1 /* TokenService.swift in Sources */ = {isa = PBXBuildFile; fileRef = 32DFAD401B8E3A3600251DA1 /* TokenService.swift */; };
		AB037E2A1B1D11980041F792 /* ContactView.swift in Sources */ = {isa = PBXBuildFile; fileRef = AB037E291B1D11980041F792 /* ContactView.swift */; };
		AB037E2C1B1D1D9E0041F792 /* ContactView.xib in Resources */ = {isa = PBXBuildFile; fileRef = AB037E2B1B1D1D9E0041F792 /* ContactView.xib */; };
		ABC539851B1628B6000C8F88 /* AppDelegate.swift in Sources */ = {isa = PBXBuildFile; fileRef = ABC539841B1628B6000C8F88 /* AppDelegate.swift */; };
		ABC5398A1B1628B6000C8F88 /* Main.storyboard in Resources */ = {isa = PBXBuildFile; fileRef = ABC539881B1628B6000C8F88 /* Main.storyboard */; };
		ABC5398C1B1628B6000C8F88 /* Images.xcassets in Resources */ = {isa = PBXBuildFile; fileRef = ABC5398B1B1628B6000C8F88 /* Images.xcassets */; };
		ABC5398F1B1628B6000C8F88 /* LaunchScreen.xib in Resources */ = {isa = PBXBuildFile; fileRef = ABC5398D1B1628B6000C8F88 /* LaunchScreen.xib */; };
		ABC5399B1B1628B6000C8F88 /* DirectoryTests.swift in Sources */ = {isa = PBXBuildFile; fileRef = ABC5399A1B1628B6000C8F88 /* DirectoryTests.swift */; };
		ABC539A71B162B77000C8F88 /* SchoolViewController.swift in Sources */ = {isa = PBXBuildFile; fileRef = ABC539A61B162B77000C8F88 /* SchoolViewController.swift */; };
		ABC539AC1B162BB2000C8F88 /* School.swift in Sources */ = {isa = PBXBuildFile; fileRef = ABC539AB1B162BB2000C8F88 /* School.swift */; };
		ABC539AE1B162BCE000C8F88 /* SchoolsTableViewCell.swift in Sources */ = {isa = PBXBuildFile; fileRef = ABC539AD1B162BCE000C8F88 /* SchoolsTableViewCell.swift */; };
		ABC539B01B162DD3000C8F88 /* Contact.swift in Sources */ = {isa = PBXBuildFile; fileRef = ABC539AF1B162DD3000C8F88 /* Contact.swift */; };
		ABC539B21B1630A5000C8F88 /* SchoolsTableViewController.swift in Sources */ = {isa = PBXBuildFile; fileRef = ABC539B11B1630A5000C8F88 /* SchoolsTableViewController.swift */; };
/* End PBXBuildFile section */

/* Begin PBXContainerItemProxy section */
		ABC539951B1628B6000C8F88 /* PBXContainerItemProxy */ = {
			isa = PBXContainerItemProxy;
			containerPortal = ABC539771B1628B6000C8F88 /* Project object */;
			proxyType = 1;
			remoteGlobalIDString = ABC5397E1B1628B6000C8F88;
			remoteInfo = Directory;
		};
/* End PBXContainerItemProxy section */

/* Begin PBXFileReference section */
		32DFAD2E1B8D183900251DA1 /* DirectoryService.swift */ = {isa = PBXFileReference; fileEncoding = 4; lastKnownFileType = sourcecode.swift; path = DirectoryService.swift; sourceTree = "<group>"; };
		32DFAD301B8D187100251DA1 /* NetworkOperations.swift */ = {isa = PBXFileReference; fileEncoding = 4; lastKnownFileType = sourcecode.swift; path = NetworkOperations.swift; sourceTree = "<group>"; };
		32DFAD341B8E2A4100251DA1 /* Locksmith.swift */ = {isa = PBXFileReference; fileEncoding = 4; lastKnownFileType = sourcecode.swift; path = Locksmith.swift; sourceTree = "<group>"; };
		32DFAD361B8E2A9200251DA1 /* LocksmithRequest.swift */ = {isa = PBXFileReference; fileEncoding = 4; lastKnownFileType = sourcecode.swift; path = LocksmithRequest.swift; sourceTree = "<group>"; };
		32DFAD3C1B8E312500251DA1 /* LoginViewController.swift */ = {isa = PBXFileReference; fileEncoding = 4; lastKnownFileType = sourcecode.swift; path = LoginViewController.swift; sourceTree = "<group>"; };
		32DFAD401B8E3A3600251DA1 /* TokenService.swift */ = {isa = PBXFileReference; fileEncoding = 4; lastKnownFileType = sourcecode.swift; path = TokenService.swift; sourceTree = "<group>"; };
		AB037E291B1D11980041F792 /* ContactView.swift */ = {isa = PBXFileReference; fileEncoding = 4; lastKnownFileType = sourcecode.swift; path = ContactView.swift; sourceTree = "<group>"; };
		AB037E2B1B1D1D9E0041F792 /* ContactView.xib */ = {isa = PBXFileReference; fileEncoding = 4; lastKnownFileType = file.xib; path = ContactView.xib; sourceTree = "<group>"; };
		ABC5397F1B1628B6000C8F88 /* Directory.app */ = {isa = PBXFileReference; explicitFileType = wrapper.application; includeInIndex = 0; path = Directory.app; sourceTree = BUILT_PRODUCTS_DIR; };
		ABC539831B1628B6000C8F88 /* Info.plist */ = {isa = PBXFileReference; lastKnownFileType = text.plist.xml; path = Info.plist; sourceTree = "<group>"; };
		ABC539841B1628B6000C8F88 /* AppDelegate.swift */ = {isa = PBXFileReference; lastKnownFileType = sourcecode.swift; path = AppDelegate.swift; sourceTree = "<group>"; };
		ABC539891B1628B6000C8F88 /* Base */ = {isa = PBXFileReference; lastKnownFileType = file.storyboard; name = Base; path = Base.lproj/Main.storyboard; sourceTree = "<group>"; };
		ABC5398B1B1628B6000C8F88 /* Images.xcassets */ = {isa = PBXFileReference; lastKnownFileType = folder.assetcatalog; path = Images.xcassets; sourceTree = "<group>"; };
		ABC5398E1B1628B6000C8F88 /* Base */ = {isa = PBXFileReference; lastKnownFileType = file.xib; name = Base; path = Base.lproj/LaunchScreen.xib; sourceTree = "<group>"; };
		ABC539941B1628B6000C8F88 /* DirectoryTests.xctest */ = {isa = PBXFileReference; explicitFileType = wrapper.cfbundle; includeInIndex = 0; path = DirectoryTests.xctest; sourceTree = BUILT_PRODUCTS_DIR; };
		ABC539991B1628B6000C8F88 /* Info.plist */ = {isa = PBXFileReference; lastKnownFileType = text.plist.xml; path = Info.plist; sourceTree = "<group>"; };
		ABC5399A1B1628B6000C8F88 /* DirectoryTests.swift */ = {isa = PBXFileReference; lastKnownFileType = sourcecode.swift; path = DirectoryTests.swift; sourceTree = "<group>"; };
		ABC539A61B162B77000C8F88 /* SchoolViewController.swift */ = {isa = PBXFileReference; fileEncoding = 4; lastKnownFileType = sourcecode.swift; path = SchoolViewController.swift; sourceTree = "<group>"; };
		ABC539AB1B162BB2000C8F88 /* School.swift */ = {isa = PBXFileReference; fileEncoding = 4; lastKnownFileType = sourcecode.swift; path = School.swift; sourceTree = "<group>"; };
		ABC539AD1B162BCE000C8F88 /* SchoolsTableViewCell.swift */ = {isa = PBXFileReference; fileEncoding = 4; lastKnownFileType = sourcecode.swift; path = SchoolsTableViewCell.swift; sourceTree = "<group>"; };
		ABC539AF1B162DD3000C8F88 /* Contact.swift */ = {isa = PBXFileReference; fileEncoding = 4; lastKnownFileType = sourcecode.swift; path = Contact.swift; sourceTree = "<group>"; };
		ABC539B11B1630A5000C8F88 /* SchoolsTableViewController.swift */ = {isa = PBXFileReference; fileEncoding = 4; lastKnownFileType = sourcecode.swift; path = SchoolsTableViewController.swift; sourceTree = "<group>"; };
/* End PBXFileReference section */

/* Begin PBXFrameworksBuildPhase section */
		ABC5397C1B1628B6000C8F88 /* Frameworks */ = {
			isa = PBXFrameworksBuildPhase;
			buildActionMask = 2147483647;
			files = (
			);
			runOnlyForDeploymentPostprocessing = 0;
		};
		ABC539911B1628B6000C8F88 /* Frameworks */ = {
			isa = PBXFrameworksBuildPhase;
			buildActionMask = 2147483647;
			files = (
			);
			runOnlyForDeploymentPostprocessing = 0;
		};
/* End PBXFrameworksBuildPhase section */

/* Begin PBXGroup section */
		32DFAD3F1B8E39C200251DA1 /* Locksmith */ = {
			isa = PBXGroup;
			children = (
				32DFAD361B8E2A9200251DA1 /* LocksmithRequest.swift */,
				32DFAD341B8E2A4100251DA1 /* Locksmith.swift */,
			);
			name = Locksmith;
			sourceTree = "<group>";
		};
		ABC539761B1628B6000C8F88 = {
			isa = PBXGroup;
			children = (
				ABC539811B1628B6000C8F88 /* Directory */,
				ABC539971B1628B6000C8F88 /* DirectoryTests */,
				ABC539801B1628B6000C8F88 /* Products */,
			);
			sourceTree = "<group>";
		};
		ABC539801B1628B6000C8F88 /* Products */ = {
			isa = PBXGroup;
			children = (
				ABC5397F1B1628B6000C8F88 /* Directory.app */,
				ABC539941B1628B6000C8F88 /* DirectoryTests.xctest */,
			);
			name = Products;
			sourceTree = "<group>";
		};
		ABC539811B1628B6000C8F88 /* Directory */ = {
			isa = PBXGroup;
			children = (
				32DFAD3F1B8E39C200251DA1 /* Locksmith */,
				ABC539AA1B162B90000C8F88 /* Controller */,
				ABC539A91B162B8A000C8F88 /* View */,
				ABC539A81B162B83000C8F88 /* Model */,
				32DFAD401B8E3A3600251DA1 /* TokenService.swift */,
				32DFAD2E1B8D183900251DA1 /* DirectoryService.swift */,
				32DFAD301B8D187100251DA1 /* NetworkOperations.swift */,
				ABC539881B1628B6000C8F88 /* Main.storyboard */,
				ABC5398B1B1628B6000C8F88 /* Images.xcassets */,
				ABC5398D1B1628B6000C8F88 /* LaunchScreen.xib */,
				ABC539841B1628B6000C8F88 /* AppDelegate.swift */,
				ABC539821B1628B6000C8F88 /* Supporting Files */,
			);
			path = Directory;
			sourceTree = "<group>";
		};
		ABC539821B1628B6000C8F88 /* Supporting Files */ = {
			isa = PBXGroup;
			children = (
				ABC539831B1628B6000C8F88 /* Info.plist */,
			);
			name = "Supporting Files";
			sourceTree = "<group>";
		};
		ABC539971B1628B6000C8F88 /* DirectoryTests */ = {
			isa = PBXGroup;
			children = (
				ABC5399A1B1628B6000C8F88 /* DirectoryTests.swift */,
				ABC539981B1628B6000C8F88 /* Supporting Files */,
			);
			path = DirectoryTests;
			sourceTree = "<group>";
		};
		ABC539981B1628B6000C8F88 /* Supporting Files */ = {
			isa = PBXGroup;
			children = (
				ABC539991B1628B6000C8F88 /* Info.plist */,
			);
			name = "Supporting Files";
			sourceTree = "<group>";
		};
		ABC539A81B162B83000C8F88 /* Model */ = {
			isa = PBXGroup;
			children = (
				ABC539AB1B162BB2000C8F88 /* School.swift */,
				ABC539AF1B162DD3000C8F88 /* Contact.swift */,
			);
			name = Model;
			sourceTree = "<group>";
		};
		ABC539A91B162B8A000C8F88 /* View */ = {
			isa = PBXGroup;
			children = (
				ABC539AD1B162BCE000C8F88 /* SchoolsTableViewCell.swift */,
				AB037E291B1D11980041F792 /* ContactView.swift */,
				AB037E2B1B1D1D9E0041F792 /* ContactView.xib */,
			);
			name = View;
			sourceTree = "<group>";
		};
		ABC539AA1B162B90000C8F88 /* Controller */ = {
			isa = PBXGroup;
			children = (
				ABC539A61B162B77000C8F88 /* SchoolViewController.swift */,
				ABC539B11B1630A5000C8F88 /* SchoolsTableViewController.swift */,
				32DFAD3C1B8E312500251DA1 /* LoginViewController.swift */,
			);
			name = Controller;
			sourceTree = "<group>";
		};
/* End PBXGroup section */

/* Begin PBXNativeTarget section */
		ABC5397E1B1628B6000C8F88 /* Directory */ = {
			isa = PBXNativeTarget;
			buildConfigurationList = ABC5399E1B1628B6000C8F88 /* Build configuration list for PBXNativeTarget "Directory" */;
			buildPhases = (
				ABC5397B1B1628B6000C8F88 /* Sources */,
				ABC5397C1B1628B6000C8F88 /* Frameworks */,
				ABC5397D1B1628B6000C8F88 /* Resources */,
			);
			buildRules = (
			);
			dependencies = (
			);
			name = Directory;
			productName = Directory;
			productReference = ABC5397F1B1628B6000C8F88 /* Directory.app */;
			productType = "com.apple.product-type.application";
		};
		ABC539931B1628B6000C8F88 /* DirectoryTests */ = {
			isa = PBXNativeTarget;
			buildConfigurationList = ABC539A11B1628B6000C8F88 /* Build configuration list for PBXNativeTarget "DirectoryTests" */;
			buildPhases = (
				ABC539901B1628B6000C8F88 /* Sources */,
				ABC539911B1628B6000C8F88 /* Frameworks */,
				ABC539921B1628B6000C8F88 /* Resources */,
			);
			buildRules = (
			);
			dependencies = (
				ABC539961B1628B6000C8F88 /* PBXTargetDependency */,
			);
			name = DirectoryTests;
			productName = DirectoryTests;
			productReference = ABC539941B1628B6000C8F88 /* DirectoryTests.xctest */;
			productType = "com.apple.product-type.bundle.unit-test";
		};
/* End PBXNativeTarget section */

/* Begin PBXProject section */
		ABC539771B1628B6000C8F88 /* Project object */ = {
			isa = PBXProject;
			attributes = {
				LastSwiftMigration = 0730;
				LastSwiftUpdateCheck = 0730;
				LastUpgradeCheck = 0730;
				ORGANIZATIONNAME = cdavis27;
				TargetAttributes = {
					ABC5397E1B1628B6000C8F88 = {
						CreatedOnToolsVersion = 6.3.2;
					};
					ABC539931B1628B6000C8F88 = {
						CreatedOnToolsVersion = 6.3.2;
						TestTargetID = ABC5397E1B1628B6000C8F88;
					};
				};
			};
			buildConfigurationList = ABC5397A1B1628B6000C8F88 /* Build configuration list for PBXProject "Directory" */;
			compatibilityVersion = "Xcode 3.2";
			developmentRegion = English;
			hasScannedForEncodings = 0;
			knownRegions = (
				en,
				Base,
			);
			mainGroup = ABC539761B1628B6000C8F88;
			productRefGroup = ABC539801B1628B6000C8F88 /* Products */;
			projectDirPath = "";
			projectRoot = "";
			targets = (
				ABC5397E1B1628B6000C8F88 /* Directory */,
				ABC539931B1628B6000C8F88 /* DirectoryTests */,
			);
		};
/* End PBXProject section */

/* Begin PBXResourcesBuildPhase section */
		ABC5397D1B1628B6000C8F88 /* Resources */ = {
			isa = PBXResourcesBuildPhase;
			buildActionMask = 2147483647;
			files = (
				ABC5398A1B1628B6000C8F88 /* Main.storyboard in Resources */,
				ABC5398F1B1628B6000C8F88 /* LaunchScreen.xib in Resources */,
				ABC5398C1B1628B6000C8F88 /* Images.xcassets in Resources */,
				AB037E2C1B1D1D9E0041F792 /* ContactView.xib in Resources */,
			);
			runOnlyForDeploymentPostprocessing = 0;
		};
		ABC539921B1628B6000C8F88 /* Resources */ = {
			isa = PBXResourcesBuildPhase;
			buildActionMask = 2147483647;
			files = (
			);
			runOnlyForDeploymentPostprocessing = 0;
		};
/* End PBXResourcesBuildPhase section */

/* Begin PBXSourcesBuildPhase section */
		ABC5397B1B1628B6000C8F88 /* Sources */ = {
			isa = PBXSourcesBuildPhase;
			buildActionMask = 2147483647;
			files = (
				ABC539B21B1630A5000C8F88 /* SchoolsTableViewController.swift in Sources */,
				32DFAD351B8E2A4100251DA1 /* Locksmith.swift in Sources */,
				32DFAD311B8D187100251DA1 /* NetworkOperations.swift in Sources */,
				32DFAD371B8E2A9200251DA1 /* LocksmithRequest.swift in Sources */,
				32DFAD411B8E3A3600251DA1 /* TokenService.swift in Sources */,
				ABC539B01B162DD3000C8F88 /* Contact.swift in Sources */,
				ABC539AE1B162BCE000C8F88 /* SchoolsTableViewCell.swift in Sources */,
				ABC539851B1628B6000C8F88 /* AppDelegate.swift in Sources */,
				AB037E2A1B1D11980041F792 /* ContactView.swift in Sources */,
				ABC539A71B162B77000C8F88 /* SchoolViewController.swift in Sources */,
				ABC539AC1B162BB2000C8F88 /* School.swift in Sources */,
				32DFAD3D1B8E312500251DA1 /* LoginViewController.swift in Sources */,
				32DFAD2F1B8D183900251DA1 /* DirectoryService.swift in Sources */,
			);
			runOnlyForDeploymentPostprocessing = 0;
		};
		ABC539901B1628B6000C8F88 /* Sources */ = {
			isa = PBXSourcesBuildPhase;
			buildActionMask = 2147483647;
			files = (
				ABC5399B1B1628B6000C8F88 /* DirectoryTests.swift in Sources */,
			);
			runOnlyForDeploymentPostprocessing = 0;
		};
/* End PBXSourcesBuildPhase section */

/* Begin PBXTargetDependency section */
		ABC539961B1628B6000C8F88 /* PBXTargetDependency */ = {
			isa = PBXTargetDependency;
			target = ABC5397E1B1628B6000C8F88 /* Directory */;
			targetProxy = ABC539951B1628B6000C8F88 /* PBXContainerItemProxy */;
		};
/* End PBXTargetDependency section */

/* Begin PBXVariantGroup section */
		ABC539881B1628B6000C8F88 /* Main.storyboard */ = {
			isa = PBXVariantGroup;
			children = (
				ABC539891B1628B6000C8F88 /* Base */,
			);
			name = Main.storyboard;
			sourceTree = "<group>";
		};
		ABC5398D1B1628B6000C8F88 /* LaunchScreen.xib */ = {
			isa = PBXVariantGroup;
			children = (
				ABC5398E1B1628B6000C8F88 /* Base */,
			);
			name = LaunchScreen.xib;
			sourceTree = "<group>";
		};
/* End PBXVariantGroup section */

/* Begin XCBuildConfiguration section */
		ABC5399C1B1628B6000C8F88 /* Debug */ = {
			isa = XCBuildConfiguration;
			buildSettings = {
				ALWAYS_SEARCH_USER_PATHS = NO;
				CLANG_CXX_LANGUAGE_STANDARD = "gnu++0x";
				CLANG_CXX_LIBRARY = "libc++";
				CLANG_ENABLE_MODULES = YES;
				CLANG_ENABLE_OBJC_ARC = YES;
				CLANG_WARN_BOOL_CONVERSION = YES;
				CLANG_WARN_CONSTANT_CONVERSION = YES;
				CLANG_WARN_DIRECT_OBJC_ISA_USAGE = YES_ERROR;
				CLANG_WARN_EMPTY_BODY = YES;
				CLANG_WARN_ENUM_CONVERSION = YES;
				CLANG_WARN_INT_CONVERSION = YES;
				CLANG_WARN_OBJC_ROOT_CLASS = YES_ERROR;
				CLANG_WARN_UNREACHABLE_CODE = YES;
				CLANG_WARN__DUPLICATE_METHOD_MATCH = YES;
				"CODE_SIGN_IDENTITY[sdk=iphoneos*]" = "iPhone Developer";
				COPY_PHASE_STRIP = NO;
				DEBUG_INFORMATION_FORMAT = "dwarf-with-dsym";
				ENABLE_STRICT_OBJC_MSGSEND = YES;
				ENABLE_TESTABILITY = YES;
				GCC_C_LANGUAGE_STANDARD = gnu99;
				GCC_DYNAMIC_NO_PIC = NO;
				GCC_NO_COMMON_BLOCKS = YES;
				GCC_OPTIMIZATION_LEVEL = 0;
				GCC_PREPROCESSOR_DEFINITIONS = (
					"DEBUG=1",
					"$(inherited)",
				);
				GCC_SYMBOLS_PRIVATE_EXTERN = NO;
				GCC_WARN_64_TO_32_BIT_CONVERSION = YES;
				GCC_WARN_ABOUT_RETURN_TYPE = YES_ERROR;
				GCC_WARN_UNDECLARED_SELECTOR = YES;
				GCC_WARN_UNINITIALIZED_AUTOS = YES_AGGRESSIVE;
				GCC_WARN_UNUSED_FUNCTION = YES;
				GCC_WARN_UNUSED_VARIABLE = YES;
				IPHONEOS_DEPLOYMENT_TARGET = 8.3;
				MTL_ENABLE_DEBUG_INFO = YES;
				ONLY_ACTIVE_ARCH = YES;
				SDKROOT = iphoneos;
				SWIFT_OPTIMIZATION_LEVEL = "-Onone";
				TARGETED_DEVICE_FAMILY = "1,2";
			};
			name = Debug;
		};
		ABC5399D1B1628B6000C8F88 /* Release */ = {
			isa = XCBuildConfiguration;
			buildSettings = {
				ALWAYS_SEARCH_USER_PATHS = NO;
				CLANG_CXX_LANGUAGE_STANDARD = "gnu++0x";
				CLANG_CXX_LIBRARY = "libc++";
				CLANG_ENABLE_MODULES = YES;
				CLANG_ENABLE_OBJC_ARC = YES;
				CLANG_WARN_BOOL_CONVERSION = YES;
				CLANG_WARN_CONSTANT_CONVERSION = YES;
				CLANG_WARN_DIRECT_OBJC_ISA_USAGE = YES_ERROR;
				CLANG_WARN_EMPTY_BODY = YES;
				CLANG_WARN_ENUM_CONVERSION = YES;
				CLANG_WARN_INT_CONVERSION = YES;
				CLANG_WARN_OBJC_ROOT_CLASS = YES_ERROR;
				CLANG_WARN_UNREACHABLE_CODE = YES;
				CLANG_WARN__DUPLICATE_METHOD_MATCH = YES;
				"CODE_SIGN_IDENTITY[sdk=iphoneos*]" = "iPhone Developer";
				COPY_PHASE_STRIP = NO;
				DEBUG_INFORMATION_FORMAT = "dwarf-with-dsym";
				ENABLE_NS_ASSERTIONS = NO;
				ENABLE_STRICT_OBJC_MSGSEND = YES;
				GCC_C_LANGUAGE_STANDARD = gnu99;
				GCC_NO_COMMON_BLOCKS = YES;
				GCC_WARN_64_TO_32_BIT_CONVERSION = YES;
				GCC_WARN_ABOUT_RETURN_TYPE = YES_ERROR;
				GCC_WARN_UNDECLARED_SELECTOR = YES;
				GCC_WARN_UNINITIALIZED_AUTOS = YES_AGGRESSIVE;
				GCC_WARN_UNUSED_FUNCTION = YES;
				GCC_WARN_UNUSED_VARIABLE = YES;
				IPHONEOS_DEPLOYMENT_TARGET = 8.3;
				MTL_ENABLE_DEBUG_INFO = NO;
				SDKROOT = iphoneos;
				TARGETED_DEVICE_FAMILY = "1,2";
				VALIDATE_PRODUCT = YES;
			};
			name = Release;
		};
		ABC5399F1B1628B6000C8F88 /* Debug */ = {
			isa = XCBuildConfiguration;
			buildSettings = {
				ASSETCATALOG_COMPILER_APPICON_NAME = AppIcon;
				INFOPLIST_FILE = Directory/Info.plist;
				LD_RUNPATH_SEARCH_PATHS = "$(inherited) @executable_path/Frameworks";
				PRODUCT_BUNDLE_IDENTIFIER = "com.cdavis27.$(PRODUCT_NAME:rfc1034identifier)";
				PRODUCT_NAME = "$(TARGET_NAME)";
			};
			name = Debug;
		};
		ABC539A01B1628B6000C8F88 /* Release */ = {
			isa = XCBuildConfiguration;
			buildSettings = {
				ASSETCATALOG_COMPILER_APPICON_NAME = AppIcon;
				INFOPLIST_FILE = Directory/Info.plist;
				LD_RUNPATH_SEARCH_PATHS = "$(inherited) @executable_path/Frameworks";
				PRODUCT_BUNDLE_IDENTIFIER = "com.cdavis27.$(PRODUCT_NAME:rfc1034identifier)";
				PRODUCT_NAME = "$(TARGET_NAME)";
			};
			name = Release;
		};
		ABC539A21B1628B6000C8F88 /* Debug */ = {
			isa = XCBuildConfiguration;
			buildSettings = {
				BUNDLE_LOADER = "$(TEST_HOST)";
				FRAMEWORK_SEARCH_PATHS = (
					"$(SDKROOT)/Developer/Library/Frameworks",
					"$(inherited)",
				);
				GCC_PREPROCESSOR_DEFINITIONS = (
					"DEBUG=1",
					"$(inherited)",
				);
				INFOPLIST_FILE = DirectoryTests/Info.plist;
				LD_RUNPATH_SEARCH_PATHS = "$(inherited) @executable_path/Frameworks @loader_path/Frameworks";
				PRODUCT_BUNDLE_IDENTIFIER = "com.cdavis27.$(PRODUCT_NAME:rfc1034identifier)";
				PRODUCT_NAME = "$(TARGET_NAME)";
				TEST_HOST = "$(BUILT_PRODUCTS_DIR)/Directory.app/Directory";
			};
			name = Debug;
		};
		ABC539A31B1628B6000C8F88 /* Release */ = {
			isa = XCBuildConfiguration;
			buildSettings = {
				BUNDLE_LOADER = "$(TEST_HOST)";
				FRAMEWORK_SEARCH_PATHS = (
					"$(SDKROOT)/Developer/Library/Frameworks",
					"$(inherited)",
				);
				INFOPLIST_FILE = DirectoryTests/Info.plist;
				LD_RUNPATH_SEARCH_PATHS = "$(inherited) @executable_path/Frameworks @loader_path/Frameworks";
				PRODUCT_BUNDLE_IDENTIFIER = "com.cdavis27.$(PRODUCT_NAME:rfc1034identifier)";
				PRODUCT_NAME = "$(TARGET_NAME)";
				TEST_HOST = "$(BUILT_PRODUCTS_DIR)/Directory.app/Directory";
			};
			name = Release;
		};
/* End XCBuildConfiguration section */

/* Begin XCConfigurationList section */
		ABC5397A1B1628B6000C8F88 /* Build configuration list for PBXProject "Directory" */ = {
			isa = XCConfigurationList;
			buildConfigurations = (
				ABC5399C1B1628B6000C8F88 /* Debug */,
				ABC5399D1B1628B6000C8F88 /* Release */,
			);
			defaultConfigurationIsVisible = 0;
			defaultConfigurationName = Release;
		};
		ABC5399E1B1628B6000C8F88 /* Build configuration list for PBXNativeTarget "Directory" */ = {
			isa = XCConfigurationList;
			buildConfigurations = (
				ABC5399F1B1628B6000C8F88 /* Debug */,
				ABC539A01B1628B6000C8F88 /* Release */,
			);
			defaultConfigurationIsVisible = 0;
			defaultConfigurationName = Release;
		};
		ABC539A11B1628B6000C8F88 /* Build configuration list for PBXNativeTarget "DirectoryTests" */ = {
			isa = XCConfigurationList;
			buildConfigurations = (
				ABC539A21B1628B6000C8F88 /* Debug */,
				ABC539A31B1628B6000C8F88 /* Release */,
			);
			defaultConfigurationIsVisible = 0;
			defaultConfigurationName = Release;
		};
/* End XCConfigurationList section */
	};
	rootObject = ABC539771B1628B6000C8F88 /* Project object */;
}
